[[package]]
name = "aiogrpc"
version = "1.8"
description = "asyncio wrapper for grpc.io"
category = "main"
optional = false
python-versions = ">=3.6"

[package.dependencies]
grpcio = ">=1.12.0"

[[package]]
name = "colorama"
version = "0.4.4"
description = "Cross-platform colored terminal text."
category = "main"
optional = false
python-versions = ">=2.7, !=3.0.*, !=3.1.*, !=3.2.*, !=3.3.*, !=3.4.*"

[[package]]
name = "googleapis-common-protos"
version = "1.54.0"
description = "Common protobufs used in Google APIs"
category = "main"
optional = false
python-versions = ">=3.6"

[package.dependencies]
protobuf = ">=3.12.0"

[package.extras]
grpc = ["grpcio (>=1.0.0)"]

[[package]]
name = "grpcio"
version = "1.43.0"
description = "HTTP/2-based RPC framework"
category = "main"
optional = false
python-versions = ">=3.6"

[package.dependencies]
six = ">=1.5.2"

[package.extras]
protobuf = ["grpcio-tools (>=1.43.0)"]

[[package]]
name = "grpcio-tools"
version = "1.43.0"
description = "Protobuf code generator for gRPC"
category = "main"
optional = false
python-versions = ">=3.6"

[package.dependencies]
grpcio = ">=1.43.0"
protobuf = ">=3.5.0.post1,<4.0dev"

[[package]]
name = "importlib-resources"
version = "5.4.0"
description = "Read resources from Python packages"
category = "main"
optional = false
python-versions = ">=3.6"

[package.dependencies]
zipp = {version = ">=3.1.0", markers = "python_version < \"3.10\""}

[package.extras]
docs = ["sphinx", "jaraco.packaging (>=8.2)", "rst.linker (>=1.9)"]
testing = ["pytest (>=6)", "pytest-checkdocs (>=2.4)", "pytest-flake8", "pytest-cov", "pytest-enabler (>=1.0.1)", "pytest-black (>=0.3.7)", "pytest-mypy"]

[[package]]
name = "lnd-grpc-client"
version = "0.3.36"
description = "An rpc client for LND (lightning network deamon)"
category = "main"
optional = false
python-versions = ">3.6"

[package.dependencies]
aiogrpc = ">=1.8,<2.0"
googleapis-common-protos = ">=1.53.0,<2.0.0"
grpcio = ">=1.37.0,<2.0.0"
grpcio-tools = ">=1.37.0,<2.0.0"
protobuf = ">=3.15.8,<4.0.0"
protobuf3-to-dict = ">=0.1.5,<0.2.0"
yachalk = ">=0.1.5,<0.2.0"

[[package]]
name = "numpy"
version = "1.20.3"
description = "NumPy is the fundamental package for array computing with Python."
category = "main"
optional = false
python-versions = ">=3.7"

[[package]]
name = "pandas"
version = "1.2.4"
description = "Powerful data structures for data analysis, time series, and statistics"
category = "main"
optional = false
python-versions = ">=3.7.1"

[package.dependencies]
numpy = ">=1.16.5"
python-dateutil = ">=2.7.3"
pytz = ">=2017.3"

[package.extras]
test = ["pytest (>=5.0.1)", "pytest-xdist", "hypothesis (>=3.58)"]

[[package]]
name = "pdir2"
version = "0.3.2"
description = "Pretty dir printing with joy"
category = "main"
optional = false
python-versions = "*"

[package.dependencies]
colorama = {version = "*", markers = "platform_system == \"Windows\""}

[[package]]
name = "protobuf"
version = "3.17.3"
description = "Protocol Buffers"
category = "main"
optional = false
python-versions = "*"

[package.dependencies]
six = ">=1.9"

[[package]]
name = "protobuf3-to-dict"
version = "0.1.5"
description = "Ben Hodgson: A teeny Python library for creating Python dicts from protocol buffers and the reverse. Useful as an intermediate step before serialisation (e.g. to JSON). Kapor: upgrade it to PB3 and PY3, rename it to protobuf3-to-dict"
category = "main"
optional = false
python-versions = "*"

[package.dependencies]
protobuf = ">=2.3.0"
six = "*"

[[package]]
name = "python-dateutil"
version = "2.8.1"
description = "Extensions to the standard Python datetime module"
category = "main"
optional = false
python-versions = "!=3.0.*,!=3.1.*,!=3.2.*,>=2.7"

[package.dependencies]
six = ">=1.5"

[[package]]
name = "pytz"
version = "2021.1"
description = "World timezone definitions, modern and historical"
category = "main"
optional = false
python-versions = "*"

[[package]]
name = "six"
version = "1.16.0"
description = "Python 2 and 3 compatibility utilities"
category = "main"
optional = false
python-versions = ">=2.7, !=3.0.*, !=3.1.*, !=3.2.*"

[[package]]
name = "yachalk"
version = "0.1.5"
description = "🖍️ Terminal string styling done right"
category = "main"
optional = false
python-versions = "*"

[package.dependencies]
importlib-resources = "*"

[[package]]
name = "zipp"
version = "3.7.0"
description = "Backport of pathlib-compatible object wrapper for zip files"
category = "main"
optional = false
python-versions = ">=3.7"

[package.extras]
docs = ["sphinx", "jaraco.packaging (>=8.2)", "rst.linker (>=1.9)"]
testing = ["pytest (>=6)", "pytest-checkdocs (>=2.4)", "pytest-flake8", "pytest-cov", "pytest-enabler (>=1.0.1)", "jaraco.itertools", "func-timeout", "pytest-black (>=0.3.7)", "pytest-mypy"]

[metadata]
lock-version = "1.1"
python-versions = ">=3.7.1"
content-hash = "9c65743a45dae030eb5427b066fdc99a561064a45bcc62ed41cd3df72b6856a9"

[metadata.files]
aiogrpc = [
    {file = "aiogrpc-1.8-py3-none-any.whl", hash = "sha256:d01e6906927649646dcd938c7d46bf718f427473450db0af6343acc2ed2cfa4d"},
    {file = "aiogrpc-1.8.tar.gz", hash = "sha256:472155a52850bd4b9493a994079f9c12c65324f02fe6466e636470127fc32aaf"},
]
colorama = [
    {file = "colorama-0.4.4-py2.py3-none-any.whl", hash = "sha256:9f47eda37229f68eee03b24b9748937c7dc3868f906e8ba69fbcbdd3bc5dc3e2"},
    {file = "colorama-0.4.4.tar.gz", hash = "sha256:5941b2b48a20143d2267e95b1c2a7603ce057ee39fd88e7329b0c292aa16869b"},
]
googleapis-common-protos = [
    {file = "googleapis-common-protos-1.54.0.tar.gz", hash = "sha256:a4031d6ec6c2b1b6dc3e0be7e10a1bd72fb0b18b07ef9be7b51f2c1004ce2437"},
    {file = "googleapis_common_protos-1.54.0-py2.py3-none-any.whl", hash = "sha256:e54345a2add15dc5e1a7891c27731ff347b4c33765d79b5ed7026a6c0c7cbcae"},
]
grpcio = [
    {file = "grpcio-1.43.0-cp310-cp310-linux_armv7l.whl", hash = "sha256:a4e786a8ee8b30b25d70ee52cda6d1dbba2a8ca2f1208d8e20ed8280774f15c8"},
    {file = "grpcio-1.43.0-cp310-cp310-macosx_10_10_universal2.whl", hash = "sha256:af9c3742f6c13575c0d4147a8454da0ff5308c4d9469462ff18402c6416942fe"},
    {file = "grpcio-1.43.0-cp310-cp310-manylinux_2_17_aarch64.whl", hash = "sha256:fdac966699707b5554b815acc272d81e619dd0999f187cd52a61aef075f870ee"},
    {file = "grpcio-1.43.0-cp310-cp310-manylinux_2_17_i686.manylinux2014_i686.whl", hash = "sha256:6e463b4aa0a6b31cf2e57c4abc1a1b53531a18a570baeed39d8d7b65deb16b7e"},
    {file = "grpcio-1.43.0-cp310-cp310-manylinux_2_17_x86_64.manylinux2014_x86_64.whl", hash = "sha256:f11d05402e0ac3a284443d8a432d3dfc76a6bd3f7b5858cddd75617af2d7bd9b"},
    {file = "grpcio-1.43.0-cp310-cp310-win32.whl", hash = "sha256:c36f418c925a41fccada8f7ae9a3d3e227bfa837ddbfddd3d8b0ac252d12dda9"},
    {file = "grpcio-1.43.0-cp310-cp310-win_amd64.whl", hash = "sha256:772b943f34374744f70236bbbe0afe413ed80f9ae6303503f85e2b421d4bca92"},
    {file = "grpcio-1.43.0-cp36-cp36m-linux_armv7l.whl", hash = "sha256:cbc9b83211d905859dcf234ad39d7193ff0f05bfc3269c364fb0d114ee71de59"},
    {file = "grpcio-1.43.0-cp36-cp36m-macosx_10_10_x86_64.whl", hash = "sha256:fb7229fa2a201a0c377ff3283174ec966da8f9fd7ffcc9a92f162d2e7fc9025b"},
    {file = "grpcio-1.43.0-cp36-cp36m-manylinux2010_i686.whl", hash = "sha256:17b75f220ee6923338155b4fcef4c38802b9a57bc57d112c9599a13a03e99f8d"},
    {file = "grpcio-1.43.0-cp36-cp36m-manylinux2010_x86_64.whl", hash = "sha256:6620a5b751b099b3b25553cfc03dfcd873cda06f9bb2ff7e9948ac7090e20f05"},
    {file = "grpcio-1.43.0-cp36-cp36m-manylinux_2_17_aarch64.whl", hash = "sha256:1898f999383baac5fcdbdef8ea5b1ef204f38dc211014eb6977ac6e55944d738"},
    {file = "grpcio-1.43.0-cp36-cp36m-manylinux_2_17_i686.manylinux2014_i686.whl", hash = "sha256:47b6821238d8978014d23b1132713dac6c2d72cbb561cf257608b1673894f90a"},
    {file = "grpcio-1.43.0-cp36-cp36m-manylinux_2_17_x86_64.manylinux2014_x86_64.whl", hash = "sha256:80398e9fb598060fa41050d1220f5a2440fe74ff082c36dda41ac3215ebb5ddd"},
    {file = "grpcio-1.43.0-cp36-cp36m-win32.whl", hash = "sha256:0110310eff07bb69782f53b7a947490268c4645de559034c43c0a635612e250f"},
    {file = "grpcio-1.43.0-cp36-cp36m-win_amd64.whl", hash = "sha256:45401d00f2ee46bde75618bf33e9df960daa7980e6e0e7328047191918c98504"},
    {file = "grpcio-1.43.0-cp37-cp37m-linux_armv7l.whl", hash = "sha256:af78ac55933811e6a25141336b1f2d5e0659c2f568d44d20539b273792563ca7"},
    {file = "grpcio-1.43.0-cp37-cp37m-macosx_10_10_x86_64.whl", hash = "sha256:8b2b9dc4d7897566723b77422e11c009a0ebd397966b165b21b89a62891a9fdf"},
    {file = "grpcio-1.43.0-cp37-cp37m-manylinux2010_i686.whl", hash = "sha256:77ef653f966934b3bfdd00e4f2064b68880eb40cf09b0b99edfa5ee22a44f559"},
    {file = "grpcio-1.43.0-cp37-cp37m-manylinux2010_x86_64.whl", hash = "sha256:e95b5d62ec26d0cd0b90c202d73e7cb927c369c3358e027225239a4e354967dc"},
    {file = "grpcio-1.43.0-cp37-cp37m-manylinux_2_17_aarch64.whl", hash = "sha256:04239e8f71db832c26bbbedb4537b37550a39d77681d748ab4678e58dd6455d6"},
    {file = "grpcio-1.43.0-cp37-cp37m-manylinux_2_17_i686.manylinux2014_i686.whl", hash = "sha256:4b4a7152187a49767a47d1413edde2304c96f41f7bc92cc512e230dfd0fba095"},
    {file = "grpcio-1.43.0-cp37-cp37m-manylinux_2_17_x86_64.manylinux2014_x86_64.whl", hash = "sha256:b8cc936a29c65ab39714e1ba67a694c41218f98b6e2a64efb83f04d9abc4386b"},
    {file = "grpcio-1.43.0-cp37-cp37m-win32.whl", hash = "sha256:577e024c8dd5f27cd98ba850bc4e890f07d4b5942e5bc059a3d88843a2f48f66"},
    {file = "grpcio-1.43.0-cp37-cp37m-win_amd64.whl", hash = "sha256:138f57e3445d4a48d9a8a5af1538fdaafaa50a0a3c243f281d8df0edf221dc02"},
    {file = "grpcio-1.43.0-cp38-cp38-linux_armv7l.whl", hash = "sha256:08cf25f2936629db062aeddbb594bd76b3383ab0ede75ef0461a3b0bc3a2c150"},
    {file = "grpcio-1.43.0-cp38-cp38-macosx_10_10_x86_64.whl", hash = "sha256:01f4b887ed703fe82ebe613e1d2dadea517891725e17e7a6134dcd00352bd28c"},
    {file = "grpcio-1.43.0-cp38-cp38-manylinux2010_i686.whl", hash = "sha256:0aa8285f284338eb68962fe1a830291db06f366ea12f213399b520c062b01f65"},
    {file = "grpcio-1.43.0-cp38-cp38-manylinux2010_x86_64.whl", hash = "sha256:0edbfeb6729aa9da33ce7e28fb7703b3754934115454ae45e8cc1db601756fd3"},
    {file = "grpcio-1.43.0-cp38-cp38-manylinux_2_17_aarch64.whl", hash = "sha256:c354017819201053d65212befd1dcb65c2d91b704d8977e696bae79c47cd2f82"},
    {file = "grpcio-1.43.0-cp38-cp38-manylinux_2_17_i686.manylinux2014_i686.whl", hash = "sha256:50cfb7e1067ee5e00b8ab100a6b7ea322d37ec6672c0455106520b5891c4b5f5"},
    {file = "grpcio-1.43.0-cp38-cp38-manylinux_2_17_x86_64.manylinux2014_x86_64.whl", hash = "sha256:57f1aeb65ed17dfb2f6cd717cc109910fe395133af7257a9c729c0b9604eac10"},
    {file = "grpcio-1.43.0-cp38-cp38-win32.whl", hash = "sha256:fa26a8bbb3fe57845acb1329ff700d5c7eaf06414c3e15f4cb8923f3a466ef64"},
    {file = "grpcio-1.43.0-cp38-cp38-win_amd64.whl", hash = "sha256:ade8b79a6b6aea68adb9d4bfeba5d647667d842202c5d8f3ba37ac1dc8e5c09c"},
    {file = "grpcio-1.43.0-cp39-cp39-linux_armv7l.whl", hash = "sha256:124e718faf96fe44c98b05f3f475076be8b5198bb4c52a13208acf88a8548ba9"},
    {file = "grpcio-1.43.0-cp39-cp39-macosx_10_10_x86_64.whl", hash = "sha256:2f96142d0abc91290a63ba203f01649e498302b1b6007c67bad17f823ecde0cf"},
    {file = "grpcio-1.43.0-cp39-cp39-manylinux2010_i686.whl", hash = "sha256:31e6e489ccd8f08884b9349a39610982df48535881ec34f05a11c6e6b6ebf9d0"},
    {file = "grpcio-1.43.0-cp39-cp39-manylinux2010_x86_64.whl", hash = "sha256:0e731f660e1e68238f56f4ce11156f02fd06dc58bc7834778d42c0081d4ef5ad"},
    {file = "grpcio-1.43.0-cp39-cp39-manylinux_2_17_aarch64.whl", hash = "sha256:1f16725a320460435a8a5339d8b06c4e00d307ab5ad56746af2e22b5f9c50932"},
    {file = "grpcio-1.43.0-cp39-cp39-manylinux_2_17_i686.manylinux2014_i686.whl", hash = "sha256:a4b4543e13acb4806917d883d0f70f21ba93b29672ea81f4aaba14821aaf9bb0"},
    {file = "grpcio-1.43.0-cp39-cp39-manylinux_2_17_x86_64.manylinux2014_x86_64.whl", hash = "sha256:594aaa0469f4fca7773e80d8c27bf1298e7bbce5f6da0f084b07489a708f16ab"},
    {file = "grpcio-1.43.0-cp39-cp39-win32.whl", hash = "sha256:5449ae564349e7a738b8c38583c0aad954b0d5d1dd3cea68953bfc32eaee11e3"},
    {file = "grpcio-1.43.0-cp39-cp39-win_amd64.whl", hash = "sha256:bdf41550815a831384d21a498b20597417fd31bd084deb17d31ceb39ad9acc79"},
    {file = "grpcio-1.43.0.tar.gz", hash = "sha256:735d9a437c262ab039d02defddcb9f8f545d7009ae61c0114e19dda3843febe5"},
]
grpcio-tools = [
    {file = "grpcio-tools-1.43.0.tar.gz", hash = "sha256:f42f1d713096808b1b0472dd2a3749b712d13f0092dab9442d9c096446e860b2"},
    {file = "grpcio_tools-1.43.0-cp310-cp310-linux_armv7l.whl", hash = "sha256:766771ef5b60ebcba0a3bdb302dd92fda988552eb8508451ff6d97371eac38e5"},
    {file = "grpcio_tools-1.43.0-cp310-cp310-macosx_10_10_universal2.whl", hash = "sha256:178a881db5de0f89abf3aeeb260ecfd1116cc31f88fb600a45fb5b19c3323b33"},
    {file = "grpcio_tools-1.43.0-cp310-cp310-manylinux_2_17_aarch64.whl", hash = "sha256:019f55929e963214471825c7a4cdab7a57069109d5621b24e4db7b428b5fe47d"},
    {file = "grpcio_tools-1.43.0-cp310-cp310-manylinux_2_17_i686.manylinux2014_i686.whl", hash = "sha256:e6c0e1d1b47554c580882d392b739df91a55b6a8ec696b2b2e1bbc127d63df2c"},
    {file = "grpcio_tools-1.43.0-cp310-cp310-manylinux_2_17_x86_64.manylinux2014_x86_64.whl", hash = "sha256:4c5c80098fa69593b828d119973744de03c3f9a6935df8a02e4329a39b7072f5"},
    {file = "grpcio_tools-1.43.0-cp310-cp310-win32.whl", hash = "sha256:53f7dcaa4218df1b64b39d0fc7236a8270e8ab2db4ab8cd1d2fda0e6d4544946"},
    {file = "grpcio_tools-1.43.0-cp310-cp310-win_amd64.whl", hash = "sha256:5be6d402b0cafef20ba3abb3baa37444961d9a9c4a6434d3d7c1f082f7697deb"},
    {file = "grpcio_tools-1.43.0-cp36-cp36m-linux_armv7l.whl", hash = "sha256:8953fdebef6905d7ff13a5a376b21b6fecd808d18bf4f0d3990ffe4a215d56eb"},
    {file = "grpcio_tools-1.43.0-cp36-cp36m-macosx_10_10_x86_64.whl", hash = "sha256:18870dcc8369ac4c37213e6796d8dc20494ea770670204f5e573f88e69eaaf0b"},
    {file = "grpcio_tools-1.43.0-cp36-cp36m-manylinux2010_i686.whl", hash = "sha256:010a4be6a2fccbd6741a4809c5da7f2e39a1e9e227745e6b495be567638bbeb9"},
    {file = "grpcio_tools-1.43.0-cp36-cp36m-manylinux2010_x86_64.whl", hash = "sha256:426f16b6b14d533ce61249a18fbcd1a23a4fa0c71a6d7ab347b1c7f862847bb8"},
    {file = "grpcio_tools-1.43.0-cp36-cp36m-manylinux_2_17_aarch64.whl", hash = "sha256:f974cb0bea88bac892c3ed16da92c6ac88cff0fea17f24bf0e1892eb4d27cd00"},
    {file = "grpcio_tools-1.43.0-cp36-cp36m-manylinux_2_17_i686.manylinux2014_i686.whl", hash = "sha256:55c2e604536e06248e2f81e549737fb3a180c8117832e494a0a8a81fbde44837"},
    {file = "grpcio_tools-1.43.0-cp36-cp36m-manylinux_2_17_x86_64.manylinux2014_x86_64.whl", hash = "sha256:f97f9ffa49348fb24692751d2d4455ef2968bd07fe536d65597caaec14222629"},
    {file = "grpcio_tools-1.43.0-cp36-cp36m-win32.whl", hash = "sha256:6eaf97414237b8670ae9fa623879a26eabcc4c635b550c79a81e17eb600d6ae3"},
    {file = "grpcio_tools-1.43.0-cp36-cp36m-win_amd64.whl", hash = "sha256:04f100c1f6a7c72c537760c33582f6970070bd6fa6676b529bccfa31cc58bc79"},
    {file = "grpcio_tools-1.43.0-cp37-cp37m-linux_armv7l.whl", hash = "sha256:9dbb6d1f58f26d88ae689f1b49de84cfaf4786c81c01b9001d3ceea178116a07"},
    {file = "grpcio_tools-1.43.0-cp37-cp37m-macosx_10_10_x86_64.whl", hash = "sha256:63862a441a77f6326ea9fe4bb005882f0e363441a5968d9cf8621c34d3dadc2b"},
    {file = "grpcio_tools-1.43.0-cp37-cp37m-manylinux2010_i686.whl", hash = "sha256:6dea0cb2e79b67593553ed8662f70e4310599fa8850fc0e056b19fcb63572b7f"},
    {file = "grpcio_tools-1.43.0-cp37-cp37m-manylinux2010_x86_64.whl", hash = "sha256:3eb4aa5b0e578c3d9d9da8e37a2ef73654287a498b8081543acd0db7f0ec1a9c"},
    {file = "grpcio_tools-1.43.0-cp37-cp37m-manylinux_2_17_aarch64.whl", hash = "sha256:09464c6b17663088144b7e6ea10e9465efdcee03d4b2ffefab39a799bd8360f8"},
    {file = "grpcio_tools-1.43.0-cp37-cp37m-manylinux_2_17_i686.manylinux2014_i686.whl", hash = "sha256:2458d6b0404f83d95aef00cec01f310d30e9719564a25be50e39b259f6a2da5d"},
    {file = "grpcio_tools-1.43.0-cp37-cp37m-manylinux_2_17_x86_64.manylinux2014_x86_64.whl", hash = "sha256:2e9bb5da437364b7dcd2d3c6850747081ecbec0ba645c96c6d471f7e21fdcadb"},
    {file = "grpcio_tools-1.43.0-cp37-cp37m-win32.whl", hash = "sha256:2737f749a6ab965748629e619b35f3e1cbe5820fc79e34c88f73cb99efc71dde"},
    {file = "grpcio_tools-1.43.0-cp37-cp37m-win_amd64.whl", hash = "sha256:c39cbe7b902bb92f9afaa035091f5e2b8be35acbac501fec8cb6a0be7d7cdbbd"},
    {file = "grpcio_tools-1.43.0-cp38-cp38-linux_armv7l.whl", hash = "sha256:05550ba473cff7c09e905fcfb2263fd1f7600389660194ec022b5d5a3802534b"},
    {file = "grpcio_tools-1.43.0-cp38-cp38-macosx_10_10_x86_64.whl", hash = "sha256:ce13a922db8f5f95c5041d3a4cbf04d942b353f0cba9b251a674f69a31a2d3a6"},
    {file = "grpcio_tools-1.43.0-cp38-cp38-manylinux2010_i686.whl", hash = "sha256:f19d40690c97365c1c1bde81474e6f496d7ab76f87e6d2889c72ad01bac98f2d"},
    {file = "grpcio_tools-1.43.0-cp38-cp38-manylinux2010_x86_64.whl", hash = "sha256:ba3da574eb08fcaed541b3fc97ce217360fd86d954fa9ad6a604803d57a2e049"},
    {file = "grpcio_tools-1.43.0-cp38-cp38-manylinux_2_17_aarch64.whl", hash = "sha256:efd1eb5880001f5189cfa3a774675cc9bbc8cc51586a3e90fe796394ac8626b8"},
    {file = "grpcio_tools-1.43.0-cp38-cp38-manylinux_2_17_i686.manylinux2014_i686.whl", hash = "sha256:234c7a5af653357df5c616e013173eddda6193146c8ab38f3108c4784f66be26"},
    {file = "grpcio_tools-1.43.0-cp38-cp38-manylinux_2_17_x86_64.manylinux2014_x86_64.whl", hash = "sha256:d7e3662f62d410b3f81823b5fa0f79c6e0e250977a1058e4131867b85138a661"},
    {file = "grpcio_tools-1.43.0-cp38-cp38-win32.whl", hash = "sha256:5f2e584d7644ef924e9e042fa151a3bb9f7c28ef1ae260ee6c9cb327982b5e94"},
    {file = "grpcio_tools-1.43.0-cp38-cp38-win_amd64.whl", hash = "sha256:98dcb5b756855110fb661ccd6a93a716610b7efcd5720a3aec01358a1a892c30"},
    {file = "grpcio_tools-1.43.0-cp39-cp39-linux_armv7l.whl", hash = "sha256:61ef6cb6ccf9b9c27bb85fffc5338194bcf444df502196c2ad0ff8df4706d41e"},
    {file = "grpcio_tools-1.43.0-cp39-cp39-macosx_10_10_x86_64.whl", hash = "sha256:1def9b68ac9e62674929bc6590a33d89635f1cf16016657d9e16a69f41aa5c36"},
    {file = "grpcio_tools-1.43.0-cp39-cp39-manylinux2010_i686.whl", hash = "sha256:b68cc0c95a0f8c757e8d69b5fa46111d5c9d887ae62af28f827649b1d1b70fe1"},
    {file = "grpcio_tools-1.43.0-cp39-cp39-manylinux2010_x86_64.whl", hash = "sha256:e956b5c3b586d7b27eae49fb06f544a26288596fe12e22ffec768109717276d1"},
    {file = "grpcio_tools-1.43.0-cp39-cp39-manylinux_2_17_aarch64.whl", hash = "sha256:671e61bbc91d8d568f12c3654bb5a91fce9f3fdfd5ec2cfc60c2d3a840449aa6"},
    {file = "grpcio_tools-1.43.0-cp39-cp39-manylinux_2_17_i686.manylinux2014_i686.whl", hash = "sha256:d7173ed19854d1066bce9bdc09f735ca9c13e74a25d47a1cc5d1fe803b53bffb"},
    {file = "grpcio_tools-1.43.0-cp39-cp39-manylinux_2_17_x86_64.manylinux2014_x86_64.whl", hash = "sha256:1adb0dbcc1c10b86dcda910b8f56e39210e401bcee923dba166ba923a5f4696a"},
    {file = "grpcio_tools-1.43.0-cp39-cp39-win32.whl", hash = "sha256:ebfb94ddb454a6dc3a505d9531dc81c948e6364e181b8795bfad3f3f479974dc"},
    {file = "grpcio_tools-1.43.0-cp39-cp39-win_amd64.whl", hash = "sha256:d21928b680e6e29538688cffbf53f3d5a53cff0ec8f0c33139641700045bdf1a"},
]
importlib-resources = [
    {file = "importlib_resources-5.4.0-py3-none-any.whl", hash = "sha256:33a95faed5fc19b4bc16b29a6eeae248a3fe69dd55d4d229d2b480e23eeaad45"},
    {file = "importlib_resources-5.4.0.tar.gz", hash = "sha256:d756e2f85dd4de2ba89be0b21dba2a3bbec2e871a42a3a16719258a11f87506b"},
]
lnd-grpc-client = [
    {file = "lnd_grpc_client-0.3.36-py3-none-any.whl", hash = "sha256:66cab0aede1b13523658d736a0d4a3458173c75fefd834a07b4f7263d0aa9ca8"},
]
numpy = [
    {file = "numpy-1.20.3-cp37-cp37m-macosx_10_9_x86_64.whl", hash = "sha256:70eb5808127284c4e5c9e836208e09d685a7978b6a216db85960b1a112eeace8"},
    {file = "numpy-1.20.3-cp37-cp37m-manylinux_2_12_i686.manylinux2010_i686.whl", hash = "sha256:6ca2b85a5997dabc38301a22ee43c82adcb53ff660b89ee88dded6b33687e1d8"},
    {file = "numpy-1.20.3-cp37-cp37m-manylinux_2_12_x86_64.manylinux2010_x86_64.whl", hash = "sha256:c5bf0e132acf7557fc9bb8ded8b53bbbbea8892f3c9a1738205878ca9434206a"},
    {file = "numpy-1.20.3-cp37-cp37m-manylinux_2_17_aarch64.manylinux2014_aarch64.whl", hash = "sha256:db250fd3e90117e0312b611574cd1b3f78bec046783195075cbd7ba9c3d73f16"},
    {file = "numpy-1.20.3-cp37-cp37m-manylinux_2_5_i686.manylinux1_i686.whl", hash = "sha256:637d827248f447e63585ca3f4a7d2dfaa882e094df6cfa177cc9cf9cd6cdf6d2"},
    {file = "numpy-1.20.3-cp37-cp37m-manylinux_2_5_x86_64.manylinux1_x86_64.whl", hash = "sha256:8b7bb4b9280da3b2856cb1fc425932f46fba609819ee1c62256f61799e6a51d2"},
    {file = "numpy-1.20.3-cp37-cp37m-win32.whl", hash = "sha256:67d44acb72c31a97a3d5d33d103ab06d8ac20770e1c5ad81bdb3f0c086a56cf6"},
    {file = "numpy-1.20.3-cp37-cp37m-win_amd64.whl", hash = "sha256:43909c8bb289c382170e0282158a38cf306a8ad2ff6dfadc447e90f9961bef43"},
    {file = "numpy-1.20.3-cp38-cp38-macosx_10_9_x86_64.whl", hash = "sha256:f1452578d0516283c87608a5a5548b0cdde15b99650efdfd85182102ef7a7c17"},
    {file = "numpy-1.20.3-cp38-cp38-manylinux_2_12_i686.manylinux2010_i686.whl", hash = "sha256:6e51534e78d14b4a009a062641f465cfaba4fdcb046c3ac0b1f61dd97c861b1b"},
    {file = "numpy-1.20.3-cp38-cp38-manylinux_2_12_x86_64.manylinux2010_x86_64.whl", hash = "sha256:e515c9a93aebe27166ec9593411c58494fa98e5fcc219e47260d9ab8a1cc7f9f"},
    {file = "numpy-1.20.3-cp38-cp38-manylinux_2_17_aarch64.manylinux2014_aarch64.whl", hash = "sha256:c1c09247ccea742525bdb5f4b5ceeacb34f95731647fe55774aa36557dbb5fa4"},
    {file = "numpy-1.20.3-cp38-cp38-manylinux_2_5_i686.manylinux1_i686.whl", hash = "sha256:66fbc6fed94a13b9801fb70b96ff30605ab0a123e775a5e7a26938b717c5d71a"},
    {file = "numpy-1.20.3-cp38-cp38-manylinux_2_5_x86_64.manylinux1_x86_64.whl", hash = "sha256:ea9cff01e75a956dbee133fa8e5b68f2f92175233de2f88de3a682dd94deda65"},
    {file = "numpy-1.20.3-cp38-cp38-win32.whl", hash = "sha256:f39a995e47cb8649673cfa0579fbdd1cdd33ea497d1728a6cb194d6252268e48"},
    {file = "numpy-1.20.3-cp38-cp38-win_amd64.whl", hash = "sha256:1676b0a292dd3c99e49305a16d7a9f42a4ab60ec522eac0d3dd20cdf362ac010"},
    {file = "numpy-1.20.3-cp39-cp39-macosx_10_9_x86_64.whl", hash = "sha256:830b044f4e64a76ba71448fce6e604c0fc47a0e54d8f6467be23749ac2cbd2fb"},
    {file = "numpy-1.20.3-cp39-cp39-manylinux_2_12_i686.manylinux2010_i686.whl", hash = "sha256:55b745fca0a5ab738647d0e4db099bd0a23279c32b31a783ad2ccea729e632df"},
    {file = "numpy-1.20.3-cp39-cp39-manylinux_2_12_x86_64.manylinux2010_x86_64.whl", hash = "sha256:5d050e1e4bc9ddb8656d7b4f414557720ddcca23a5b88dd7cff65e847864c400"},
    {file = "numpy-1.20.3-cp39-cp39-manylinux_2_17_aarch64.manylinux2014_aarch64.whl", hash = "sha256:a9c65473ebc342715cb2d7926ff1e202c26376c0dcaaee85a1fd4b8d8c1d3b2f"},
    {file = "numpy-1.20.3-cp39-cp39-win32.whl", hash = "sha256:16f221035e8bd19b9dc9a57159e38d2dd060b48e93e1d843c49cb370b0f415fd"},
    {file = "numpy-1.20.3-cp39-cp39-win_amd64.whl", hash = "sha256:6690080810f77485667bfbff4f69d717c3be25e5b11bb2073e76bb3f578d99b4"},
    {file = "numpy-1.20.3-pp37-pypy37_pp73-manylinux_2_12_x86_64.manylinux2010_x86_64.whl", hash = "sha256:4e465afc3b96dbc80cf4a5273e5e2b1e3451286361b4af70ce1adb2984d392f9"},
    {file = "numpy-1.20.3.zip", hash = "sha256:e55185e51b18d788e49fe8305fd73ef4470596b33fc2c1ceb304566b99c71a69"},
]
pandas = [
    {file = "pandas-1.2.4-cp37-cp37m-macosx_10_9_x86_64.whl", hash = "sha256:c601c6fdebc729df4438ec1f62275d6136a0dd14d332fc0e8ce3f7d2aadb4dd6"},
    {file = "pandas-1.2.4-cp37-cp37m-manylinux1_i686.whl", hash = "sha256:8d4c74177c26aadcfb4fd1de6c1c43c2bf822b3e0fc7a9b409eeaf84b3e92aaa"},
    {file = "pandas-1.2.4-cp37-cp37m-manylinux1_x86_64.whl", hash = "sha256:b730add5267f873b3383c18cac4df2527ac4f0f0eed1c6cf37fcb437e25cf558"},
    {file = "pandas-1.2.4-cp37-cp37m-win32.whl", hash = "sha256:2cb7e8f4f152f27dc93f30b5c7a98f6c748601ea65da359af734dd0cf3fa733f"},
    {file = "pandas-1.2.4-cp37-cp37m-win_amd64.whl", hash = "sha256:2111c25e69fa9365ba80bbf4f959400054b2771ac5d041ed19415a8b488dc70a"},
    {file = "pandas-1.2.4-cp38-cp38-macosx_10_9_x86_64.whl", hash = "sha256:167693a80abc8eb28051fbd184c1b7afd13ce2c727a5af47b048f1ea3afefff4"},
    {file = "pandas-1.2.4-cp38-cp38-manylinux1_i686.whl", hash = "sha256:612add929bf3ba9d27b436cc8853f5acc337242d6b584203f207e364bb46cb12"},
    {file = "pandas-1.2.4-cp38-cp38-manylinux1_x86_64.whl", hash = "sha256:971e2a414fce20cc5331fe791153513d076814d30a60cd7348466943e6e909e4"},
    {file = "pandas-1.2.4-cp38-cp38-win32.whl", hash = "sha256:68d7baa80c74aaacbed597265ca2308f017859123231542ff8a5266d489e1858"},
    {file = "pandas-1.2.4-cp38-cp38-win_amd64.whl", hash = "sha256:bd659c11a4578af740782288cac141a322057a2e36920016e0fc7b25c5a4b686"},
    {file = "pandas-1.2.4-cp39-cp39-macosx_10_9_x86_64.whl", hash = "sha256:9db70ffa8b280bb4de83f9739d514cd0735825e79eef3a61d312420b9f16b758"},
    {file = "pandas-1.2.4-cp39-cp39-manylinux1_i686.whl", hash = "sha256:298f0553fd3ba8e002c4070a723a59cdb28eda579f3e243bc2ee397773f5398b"},
    {file = "pandas-1.2.4-cp39-cp39-manylinux1_x86_64.whl", hash = "sha256:52d2472acbb8a56819a87aafdb8b5b6d2b3386e15c95bde56b281882529a7ded"},
    {file = "pandas-1.2.4-cp39-cp39-win32.whl", hash = "sha256:d0877407359811f7b853b548a614aacd7dea83b0c0c84620a9a643f180060950"},
    {file = "pandas-1.2.4-cp39-cp39-win_amd64.whl", hash = "sha256:2b063d41803b6a19703b845609c0b700913593de067b552a8b24dd8eeb8c9895"},
    {file = "pandas-1.2.4.tar.gz", hash = "sha256:649ecab692fade3cbfcf967ff936496b0cfba0af00a55dfaacd82bdda5cb2279"},
]
pdir2 = [
    {file = "pdir2-0.3.2-py2.py3-none-any.whl", hash = "sha256:9d3300e1704df359102c3ce8f92bd615155e348258809954ac868932ee03cff3"},
    {file = "pdir2-0.3.2.tar.gz", hash = "sha256:26d7459a5d994cedbfb3f2c2460c8e1fe3741c6db9b69791409b13563b91d5e3"},
]
protobuf = [
    {file = "protobuf-3.17.3-cp27-cp27m-macosx_10_9_x86_64.whl", hash = "sha256:ab6bb0e270c6c58e7ff4345b3a803cc59dbee19ddf77a4719c5b635f1d547aa8"},
    {file = "protobuf-3.17.3-cp27-cp27mu-manylinux_2_5_x86_64.manylinux1_x86_64.whl", hash = "sha256:13ee7be3c2d9a5d2b42a1030976f760f28755fcf5863c55b1460fd205e6cd637"},
    {file = "protobuf-3.17.3-cp35-cp35m-macosx_10_9_intel.whl", hash = "sha256:1556a1049ccec58c7855a78d27e5c6e70e95103b32de9142bae0576e9200a1b0"},
    {file = "protobuf-3.17.3-cp35-cp35m-manylinux_2_5_x86_64.manylinux1_x86_64.whl", hash = "sha256:f0e59430ee953184a703a324b8ec52f571c6c4259d496a19d1cabcdc19dabc62"},
    {file = "protobuf-3.17.3-cp35-cp35m-win32.whl", hash = "sha256:a981222367fb4210a10a929ad5983ae93bd5a050a0824fc35d6371c07b78caf6"},
    {file = "protobuf-3.17.3-cp35-cp35m-win_amd64.whl", hash = "sha256:6d847c59963c03fd7a0cd7c488cadfa10cda4fff34d8bc8cba92935a91b7a037"},
    {file = "protobuf-3.17.3-cp36-cp36m-macosx_10_9_x86_64.whl", hash = "sha256:145ce0af55c4259ca74993ddab3479c78af064002ec8227beb3d944405123c71"},
    {file = "protobuf-3.17.3-cp36-cp36m-manylinux_2_5_x86_64.manylinux1_x86_64.whl", hash = "sha256:6ce4d8bf0321e7b2d4395e253f8002a1a5ffbcfd7bcc0a6ba46712c07d47d0b4"},
    {file = "protobuf-3.17.3-cp36-cp36m-win32.whl", hash = "sha256:7a4c97961e9e5b03a56f9a6c82742ed55375c4a25f2692b625d4087d02ed31b9"},
    {file = "protobuf-3.17.3-cp36-cp36m-win_amd64.whl", hash = "sha256:a22b3a0dbac6544dacbafd4c5f6a29e389a50e3b193e2c70dae6bbf7930f651d"},
    {file = "protobuf-3.17.3-cp37-cp37m-macosx_10_9_x86_64.whl", hash = "sha256:ffea251f5cd3c0b9b43c7a7a912777e0bc86263436a87c2555242a348817221b"},
    {file = "protobuf-3.17.3-cp37-cp37m-manylinux2014_aarch64.whl", hash = "sha256:9b7a5c1022e0fa0dbde7fd03682d07d14624ad870ae52054849d8960f04bc764"},
    {file = "protobuf-3.17.3-cp37-cp37m-manylinux_2_5_x86_64.manylinux1_x86_64.whl", hash = "sha256:8727ee027157516e2c311f218ebf2260a18088ffb2d29473e82add217d196b1c"},
    {file = "protobuf-3.17.3-cp37-cp37m-win32.whl", hash = "sha256:14c1c9377a7ffbeaccd4722ab0aa900091f52b516ad89c4b0c3bb0a4af903ba5"},
    {file = "protobuf-3.17.3-cp37-cp37m-win_amd64.whl", hash = "sha256:c56c050a947186ba51de4f94ab441d7f04fcd44c56df6e922369cc2e1a92d683"},
    {file = "protobuf-3.17.3-cp38-cp38-macosx_10_9_x86_64.whl", hash = "sha256:2ae692bb6d1992afb6b74348e7bb648a75bb0d3565a3f5eea5bec8f62bd06d87"},
    {file = "protobuf-3.17.3-cp38-cp38-manylinux2014_aarch64.whl", hash = "sha256:99938f2a2d7ca6563c0ade0c5ca8982264c484fdecf418bd68e880a7ab5730b1"},
    {file = "protobuf-3.17.3-cp38-cp38-manylinux_2_5_x86_64.manylinux1_x86_64.whl", hash = "sha256:6902a1e4b7a319ec611a7345ff81b6b004b36b0d2196ce7a748b3493da3d226d"},
    {file = "protobuf-3.17.3-cp38-cp38-win32.whl", hash = "sha256:59e5cf6b737c3a376932fbfb869043415f7c16a0cf176ab30a5bbc419cd709c1"},
    {file = "protobuf-3.17.3-cp38-cp38-win_amd64.whl", hash = "sha256:ebcb546f10069b56dc2e3da35e003a02076aaa377caf8530fe9789570984a8d2"},
    {file = "protobuf-3.17.3-cp39-cp39-macosx_10_9_x86_64.whl", hash = "sha256:4ffbd23640bb7403574f7aff8368e2aeb2ec9a5c6306580be48ac59a6bac8bde"},
    {file = "protobuf-3.17.3-cp39-cp39-manylinux2014_aarch64.whl", hash = "sha256:26010f693b675ff5a1d0e1bdb17689b8b716a18709113288fead438703d45539"},
    {file = "protobuf-3.17.3-cp39-cp39-manylinux_2_5_x86_64.manylinux1_x86_64.whl", hash = "sha256:e76d9686e088fece2450dbc7ee905f9be904e427341d289acbe9ad00b78ebd47"},
    {file = "protobuf-3.17.3-cp39-cp39-win32.whl", hash = "sha256:a38bac25f51c93e4be4092c88b2568b9f407c27217d3dd23c7a57fa522a17554"},
    {file = "protobuf-3.17.3-cp39-cp39-win_amd64.whl", hash = "sha256:85d6303e4adade2827e43c2b54114d9a6ea547b671cb63fafd5011dc47d0e13d"},
    {file = "protobuf-3.17.3-py2.py3-none-any.whl", hash = "sha256:2bfb815216a9cd9faec52b16fd2bfa68437a44b67c56bee59bc3926522ecb04e"},
    {file = "protobuf-3.17.3.tar.gz", hash = "sha256:72804ea5eaa9c22a090d2803813e280fb273b62d5ae497aaf3553d141c4fdd7b"},
]
protobuf3-to-dict = [
    {file = "protobuf3-to-dict-0.1.5.tar.gz", hash = "sha256:1e42c25b5afb5868e3a9b1962811077e492c17557f9c66f0fe40d821375d2b5a"},
]
python-dateutil = [
    {file = "python-dateutil-2.8.1.tar.gz", hash = "sha256:73ebfe9dbf22e832286dafa60473e4cd239f8592f699aa5adaf10050e6e1823c"},
    {file = "python_dateutil-2.8.1-py2.py3-none-any.whl", hash = "sha256:75bb3f31ea686f1197762692a9ee6a7550b59fc6ca3a1f4b5d7e32fb98e2da2a"},
]
pytz = [
    {file = "pytz-2021.1-py2.py3-none-any.whl", hash = "sha256:eb10ce3e7736052ed3623d49975ce333bcd712c7bb19a58b9e2089d4057d0798"},
    {file = "pytz-2021.1.tar.gz", hash = "sha256:83a4a90894bf38e243cf052c8b58f381bfe9a7a483f6a9cab140bc7f702ac4da"},
]
six = [
    {file = "six-1.16.0-py2.py3-none-any.whl", hash = "sha256:8abb2f1d86890a2dfb989f9a77cfcfd3e47c2a354b01111771326f8aa26e0254"},
    {file = "six-1.16.0.tar.gz", hash = "sha256:1e61c37477a1626458e36f7b1d82aa5c9b094fa4802892072e49de9c60c4c926"},
]
yachalk = [
    {file = "yachalk-0.1.5-py3-none-any.whl", hash = "sha256:fe389be1d574a3be00e0b849f1c0767f81da5bdfed9b122da07e6861e27c1c62"},
    {file = "yachalk-0.1.5.tar.gz", hash = "sha256:cac3b66a198a280f06adfde82f1604aecd9dd5ffc372a02b4f36d79ec499798a"},
]
zipp = [
    {file = "zipp-3.7.0-py3-none-any.whl", hash = "sha256:b47250dd24f92b7dd6a0a8fc5244da14608f3ca90a5efcd37a3b1642fac9a375"},
    {file = "zipp-3.7.0.tar.gz", hash = "sha256:9f50f446828eb9d45b267433fd3e9da8d801f614129124863f9c51ebceafb87d"},
]
