[[package]]
name = "aiogrpc"
version = "1.8"
description = "asyncio wrapper for grpc.io"
category = "main"
optional = false
python-versions = ">=3.6"

[package.dependencies]
grpcio = ">=1.12.0"

[[package]]
name = "colorama"
version = "0.4.4"
description = "Cross-platform colored terminal text."
category = "main"
optional = false
python-versions = ">=2.7, !=3.0.*, !=3.1.*, !=3.2.*, !=3.3.*, !=3.4.*"

[[package]]
name = "googleapis-common-protos"
version = "1.53.0"
description = "Common protobufs used in Google APIs"
category = "main"
optional = false
python-versions = ">=3.6"

[package.dependencies]
protobuf = ">=3.12.0"

[package.extras]
grpc = ["grpcio (>=1.0.0)"]

[[package]]
name = "grpcio"
version = "1.40.0"
description = "HTTP/2-based RPC framework"
category = "main"
optional = false
python-versions = "*"

[package.dependencies]
six = ">=1.5.2"

[package.extras]
protobuf = ["grpcio-tools (>=1.40.0)"]

[[package]]
name = "grpcio-tools"
version = "1.40.0"
description = "Protobuf code generator for gRPC"
category = "main"
optional = false
python-versions = "*"

[package.dependencies]
grpcio = ">=1.40.0"
protobuf = ">=3.5.0.post1,<4.0dev"

[[package]]
name = "lnd-grpc-client"
version = "0.3.21"
description = "An rpc client for LND (lightning network deamon)"
category = "main"
optional = false
python-versions = ">3.6"

[package.dependencies]
aiogrpc = ">=1.8,<2.0"
googleapis-common-protos = ">=1.53.0,<2.0.0"
grpcio = ">=1.37.0,<2.0.0"
grpcio-tools = ">=1.37.0,<2.0.0"
protobuf = ">=3.15.8,<4.0.0"
protobuf3-to-dict = ">=0.1.5,<0.2.0"

[[package]]
name = "numpy"
version = "1.20.3"
description = "NumPy is the fundamental package for array computing with Python."
category = "main"
optional = false
python-versions = ">=3.7"

[[package]]
name = "pandas"
version = "1.2.4"
description = "Powerful data structures for data analysis, time series, and statistics"
category = "main"
optional = false
python-versions = ">=3.7.1"

[package.dependencies]
numpy = ">=1.16.5"
python-dateutil = ">=2.7.3"
pytz = ">=2017.3"

[package.extras]
test = ["pytest (>=5.0.1)", "pytest-xdist", "hypothesis (>=3.58)"]

[[package]]
name = "pdir2"
version = "0.3.2"
description = "Pretty dir printing with joy"
category = "main"
optional = false
python-versions = "*"

[package.dependencies]
colorama = {version = "*", markers = "platform_system == \"Windows\""}

[[package]]
name = "protobuf"
version = "3.17.3"
description = "Protocol Buffers"
category = "main"
optional = false
python-versions = "*"

[package.dependencies]
six = ">=1.9"

[[package]]
name = "protobuf3-to-dict"
version = "0.1.5"
description = "Ben Hodgson: A teeny Python library for creating Python dicts from protocol buffers and the reverse. Useful as an intermediate step before serialisation (e.g. to JSON). Kapor: upgrade it to PB3 and PY3, rename it to protobuf3-to-dict"
category = "main"
optional = false
python-versions = "*"

[package.dependencies]
protobuf = ">=2.3.0"
six = "*"

[[package]]
name = "python-dateutil"
version = "2.8.1"
description = "Extensions to the standard Python datetime module"
category = "main"
optional = false
python-versions = "!=3.0.*,!=3.1.*,!=3.2.*,>=2.7"

[package.dependencies]
six = ">=1.5"

[[package]]
name = "pytz"
version = "2021.1"
description = "World timezone definitions, modern and historical"
category = "main"
optional = false
python-versions = "*"

[[package]]
name = "six"
version = "1.16.0"
description = "Python 2 and 3 compatibility utilities"
category = "main"
optional = false
python-versions = ">=2.7, !=3.0.*, !=3.1.*, !=3.2.*"

[metadata]
lock-version = "1.1"
python-versions = ">=3.7.1"
content-hash = "ba2e3bb44cb0b229e8d12ac1d634a16bb7a578ac489bf9126370f03e77ba17cb"

[metadata.files]
aiogrpc = [
    {file = "aiogrpc-1.8-py3-none-any.whl", hash = "sha256:d01e6906927649646dcd938c7d46bf718f427473450db0af6343acc2ed2cfa4d"},
    {file = "aiogrpc-1.8.tar.gz", hash = "sha256:472155a52850bd4b9493a994079f9c12c65324f02fe6466e636470127fc32aaf"},
]
colorama = [
    {file = "colorama-0.4.4-py2.py3-none-any.whl", hash = "sha256:9f47eda37229f68eee03b24b9748937c7dc3868f906e8ba69fbcbdd3bc5dc3e2"},
    {file = "colorama-0.4.4.tar.gz", hash = "sha256:5941b2b48a20143d2267e95b1c2a7603ce057ee39fd88e7329b0c292aa16869b"},
]
googleapis-common-protos = [
    {file = "googleapis-common-protos-1.53.0.tar.gz", hash = "sha256:a88ee8903aa0a81f6c3cec2d5cf62d3c8aa67c06439b0496b49048fb1854ebf4"},
    {file = "googleapis_common_protos-1.53.0-py2.py3-none-any.whl", hash = "sha256:f6d561ab8fb16b30020b940e2dd01cd80082f4762fa9f3ee670f4419b4b8dbd0"},
]
grpcio = [
    {file = "grpcio-1.40.0-cp35-cp35m-macosx_10_10_intel.whl", hash = "sha256:6f8f581787e739945e6cda101f312ea8a7e7082bdbb4993901eb828da6a49092"},
    {file = "grpcio-1.40.0-cp35-cp35m-manylinux2010_i686.whl", hash = "sha256:a4389e26a8f9338ca91effdc5436dfec67d6ecd296368dba115799ae8f8e5bdb"},
    {file = "grpcio-1.40.0-cp35-cp35m-manylinux2010_x86_64.whl", hash = "sha256:fb06708e3d173e387326abcd5182d52beb60e049db5c3d317bd85509e938afdc"},
    {file = "grpcio-1.40.0-cp35-cp35m-manylinux2014_i686.whl", hash = "sha256:f06e07161c21391682bfcac93a181a037a8aa3d561546690e9d0501189729aac"},
    {file = "grpcio-1.40.0-cp35-cp35m-manylinux2014_x86_64.whl", hash = "sha256:5ff0dcf66315f3f00e1a8eb7244c6a49bdb0cc59bef4fb65b9db8adbd78e6acb"},
    {file = "grpcio-1.40.0-cp35-cp35m-win32.whl", hash = "sha256:ba9dd97ea1738be3e81d34e6bab8ff91a0b80668a4ec81454b283d3c828cebde"},
    {file = "grpcio-1.40.0-cp35-cp35m-win_amd64.whl", hash = "sha256:e12d776a240fee3ebd002519c02d165d94ec636d3fe3d6185b361bfc9a2d3106"},
    {file = "grpcio-1.40.0-cp36-cp36m-linux_armv7l.whl", hash = "sha256:6b9b432f5665dfc802187384693b6338f05c7fc3707ebf003a89bd5132074e27"},
    {file = "grpcio-1.40.0-cp36-cp36m-macosx_10_10_x86_64.whl", hash = "sha256:886d056f5101ac513f4aefe4d21a816d98ee3f9a8e77fc3bcb4ae1a3a24efe26"},
    {file = "grpcio-1.40.0-cp36-cp36m-manylinux2010_i686.whl", hash = "sha256:b1b34e5a6f1285d1576099c663dae28c07b474015ed21e35a243aff66a0c2aed"},
    {file = "grpcio-1.40.0-cp36-cp36m-manylinux2010_x86_64.whl", hash = "sha256:17ed13d43450ef9d1f9b78cc932bcf42844ca302235b93026dfd07fb5208d146"},
    {file = "grpcio-1.40.0-cp36-cp36m-manylinux2014_i686.whl", hash = "sha256:e19de138199502d575fcec5cf68ae48815a6efe7e5c0d0b8c97eba8c77ae9f0e"},
    {file = "grpcio-1.40.0-cp36-cp36m-manylinux2014_x86_64.whl", hash = "sha256:a812164ceb48cb62c3217bd6245274e693c624cc2ac0c1b11b4cea96dab054dd"},
    {file = "grpcio-1.40.0-cp36-cp36m-manylinux_2_24_aarch64.whl", hash = "sha256:eedc8c3514c10b6f11c6f406877e424ca29610883b97bb97e33b1dd2a9077f6c"},
    {file = "grpcio-1.40.0-cp36-cp36m-win32.whl", hash = "sha256:1708a0ba90c798b4313f541ffbcc25ed47e790adaafb02111204362723dabef0"},
    {file = "grpcio-1.40.0-cp36-cp36m-win_amd64.whl", hash = "sha256:d760a66c9773780837915be85a39d2cd4ab42ef32657c5f1d28475e23ab709fc"},
    {file = "grpcio-1.40.0-cp37-cp37m-linux_armv7l.whl", hash = "sha256:8a35b5f87247c893b01abf2f4f7493a18c2c5bf8eb3923b8dd1654d8377aa1a7"},
    {file = "grpcio-1.40.0-cp37-cp37m-macosx_10_10_x86_64.whl", hash = "sha256:45704b9b5b85f9bcb027f90f2563d11d995c1b870a9ee4b3766f6c7ff6fc3505"},
    {file = "grpcio-1.40.0-cp37-cp37m-manylinux2010_i686.whl", hash = "sha256:4967949071c9e435f9565ec2f49700cebeda54836a04710fe21f7be028c0125a"},
    {file = "grpcio-1.40.0-cp37-cp37m-manylinux2010_x86_64.whl", hash = "sha256:1f9ccc9f5c0d5084d1cd917a0b5ff0142a8d269d0755592d751f8ce9e7d3d7f1"},
    {file = "grpcio-1.40.0-cp37-cp37m-manylinux2014_i686.whl", hash = "sha256:5729ca9540049f52c2e608ca110048cfabab3aeaa0d9f425361d9f8ba8506cac"},
    {file = "grpcio-1.40.0-cp37-cp37m-manylinux2014_x86_64.whl", hash = "sha256:edddc849bed3c5dfe215a9f9532a9bd9f670b57d7b8af603be80148b4c69e9a8"},
    {file = "grpcio-1.40.0-cp37-cp37m-manylinux_2_24_aarch64.whl", hash = "sha256:49155dfdf725c0862c428039123066b25ce61bd38ce50a21ce325f1735aac1bd"},
    {file = "grpcio-1.40.0-cp37-cp37m-win32.whl", hash = "sha256:913916823efa2e487b2ee9735b7759801d97fd1974bacdb1900e3bbd17f7d508"},
    {file = "grpcio-1.40.0-cp37-cp37m-win_amd64.whl", hash = "sha256:24277aab99c346ca36a1aa8589a0624e19a8e6f2b74c83f538f7bb1cc5ee8dbc"},
    {file = "grpcio-1.40.0-cp38-cp38-linux_armv7l.whl", hash = "sha256:a66a30513d2e080790244a7ac3d7a3f45001f936c5c2c9613e41e2a5d7a11794"},
    {file = "grpcio-1.40.0-cp38-cp38-macosx_10_10_x86_64.whl", hash = "sha256:e2367f2b18dd4ba64cdcd9f626a920f9ec2e8228630839dc8f4a424d461137ea"},
    {file = "grpcio-1.40.0-cp38-cp38-manylinux2010_i686.whl", hash = "sha256:27dee6dcd1c04c4e9ceea49f6143003569292209d2c24ca100166660805e2440"},
    {file = "grpcio-1.40.0-cp38-cp38-manylinux2010_x86_64.whl", hash = "sha256:d271e52038dec0db7c39ad9303442d6087c55e09b900e2931b86e837cf0cbc2e"},
    {file = "grpcio-1.40.0-cp38-cp38-manylinux2014_i686.whl", hash = "sha256:41e250ec7cd7523bf49c815b5509d5821728c26fac33681d4b0d1f5f34f59f06"},
    {file = "grpcio-1.40.0-cp38-cp38-manylinux2014_x86_64.whl", hash = "sha256:33dc4259fecb96e6eac20f760656b911bcb1616aa3e58b3a1d2f125714a2f5d3"},
    {file = "grpcio-1.40.0-cp38-cp38-manylinux_2_24_aarch64.whl", hash = "sha256:72b7b8075ee822dad4b39c150d73674c1398503d389e38981e9e35a894c476de"},
    {file = "grpcio-1.40.0-cp38-cp38-win32.whl", hash = "sha256:a93490e6eff5fce3748fb2757cb4273dc21eb1b56732b8c9640fd82c1997b215"},
    {file = "grpcio-1.40.0-cp38-cp38-win_amd64.whl", hash = "sha256:d3b4b41eb0148fca3e6e6fc61d1332a7e8e7c4074fb0d1543f0b255d7f5f1588"},
    {file = "grpcio-1.40.0-cp39-cp39-linux_armv7l.whl", hash = "sha256:fbe3b66bfa2c2f94535f6063f6db62b5b150d55a120f2f9e1175d3087429c4d9"},
    {file = "grpcio-1.40.0-cp39-cp39-macosx_10_10_x86_64.whl", hash = "sha256:ecfd80e8ea03c46b3ea7ed37d2040fcbfe739004b9e4329b8b602d06ac6fb113"},
    {file = "grpcio-1.40.0-cp39-cp39-manylinux2010_i686.whl", hash = "sha256:d487b4daf84a14741ca1dc1c061ffb11df49d13702cd169b5837fafb5e84d9c0"},
    {file = "grpcio-1.40.0-cp39-cp39-manylinux2010_x86_64.whl", hash = "sha256:c26de909cfd54bacdb7e68532a1591a128486af47ee3a5f828df9aa2165ae457"},
    {file = "grpcio-1.40.0-cp39-cp39-manylinux2014_i686.whl", hash = "sha256:1d9eabe2eb2f78208f9ae67a591f73b024488449d4e0a5b27c7fca2d6901a2d4"},
    {file = "grpcio-1.40.0-cp39-cp39-manylinux2014_x86_64.whl", hash = "sha256:4c2baa438f51152c9b7d0835ff711add0b4bc5056c0f5df581a6112153010696"},
    {file = "grpcio-1.40.0-cp39-cp39-manylinux_2_24_aarch64.whl", hash = "sha256:bf114be0023b145f7101f392a344692c1efd6de38a610c54a65ed3cba035e669"},
    {file = "grpcio-1.40.0-cp39-cp39-win32.whl", hash = "sha256:5f6d6b638698fa6decf7f040819aade677b583eaa21b43366232cb254a2bbac8"},
    {file = "grpcio-1.40.0-cp39-cp39-win_amd64.whl", hash = "sha256:005fe14e67291498989da67d454d805be31d57a988af28ed3a2a0a7cabb05c53"},
    {file = "grpcio-1.40.0.tar.gz", hash = "sha256:3d172158fe886a2604db1b6e17c2de2ab465fe0fe36aba2ec810ca8441cefe3a"},
]
grpcio-tools = [
    {file = "grpcio-tools-1.40.0.tar.gz", hash = "sha256:d440f2bc089ff628618c536904d5bc39d0b44f7afdda4c4c1ecd15fcf385bfba"},
    {file = "grpcio_tools-1.40.0-cp35-cp35m-macosx_10_10_intel.whl", hash = "sha256:ba6cc607a9cbff6a45969f6eca730612f6413634cbf70303af56e3db66021f48"},
    {file = "grpcio_tools-1.40.0-cp35-cp35m-manylinux2010_i686.whl", hash = "sha256:0531233bfa6599412ffcb711ee02a3302fcc38bd1edc03b4e2443394eea22960"},
    {file = "grpcio_tools-1.40.0-cp35-cp35m-manylinux2010_x86_64.whl", hash = "sha256:e89722df3a263acd7bb84802e556f5e5616be4e5292b0b7551a740b93360743e"},
    {file = "grpcio_tools-1.40.0-cp35-cp35m-manylinux2014_i686.whl", hash = "sha256:cea28f8fc02fdae07501aa51bf8d89f972f5bcbd87ae56755d71b1b6f9140e4d"},
    {file = "grpcio_tools-1.40.0-cp35-cp35m-manylinux2014_x86_64.whl", hash = "sha256:664ad975e16be1f4c8bfba0c7c7e24c73b5b7c6cf74a3d18825beb720841f775"},
    {file = "grpcio_tools-1.40.0-cp35-cp35m-win32.whl", hash = "sha256:8aa8a081cd8ee094231d7e263266b731bcbedd4a05cd17a5084fc5bcc6cfd7fe"},
    {file = "grpcio_tools-1.40.0-cp35-cp35m-win_amd64.whl", hash = "sha256:45794ebdec5bf7e9623806def361e61ae83f3acda5a53ff9744c13b5657a055a"},
    {file = "grpcio_tools-1.40.0-cp36-cp36m-linux_armv7l.whl", hash = "sha256:4805382c2f57bf393c2f7ec3c89391790f606249bf03cd722a875d3ba46e1b60"},
    {file = "grpcio_tools-1.40.0-cp36-cp36m-macosx_10_10_x86_64.whl", hash = "sha256:4b85c4e8037c382dacaf65defbdb4fafee5884b614ef19e03f22026ae2c4735e"},
    {file = "grpcio_tools-1.40.0-cp36-cp36m-manylinux2010_i686.whl", hash = "sha256:849ccab9b043518fe38fe2c6c6bd4c6f6a87bad9184378f5269b0158b6d35453"},
    {file = "grpcio_tools-1.40.0-cp36-cp36m-manylinux2010_x86_64.whl", hash = "sha256:cf9d79ed7dea8363c7769324d87e35f2ac67f361c98ac960e45edd76b35df679"},
    {file = "grpcio_tools-1.40.0-cp36-cp36m-manylinux2014_i686.whl", hash = "sha256:224d427ff0aacbbdd353721f545340c99d16c204d77b638a688160b331943162"},
    {file = "grpcio_tools-1.40.0-cp36-cp36m-manylinux2014_x86_64.whl", hash = "sha256:07e769dcf8938b5a355802d18b9bc0d7a7372276abce1b624e0af3b2b92e69c3"},
    {file = "grpcio_tools-1.40.0-cp36-cp36m-manylinux_2_24_aarch64.whl", hash = "sha256:ff9ae29f77f9061a9239a93c53535d7f43dfd82a1a08a96c26bf76a232c4fa46"},
    {file = "grpcio_tools-1.40.0-cp36-cp36m-win32.whl", hash = "sha256:00930e260a4900b68f8856c3813a32ec1db94666e140081831869fc92aedce46"},
    {file = "grpcio_tools-1.40.0-cp36-cp36m-win_amd64.whl", hash = "sha256:5f026c6a73476ac1506d8a4c9aa33aaecdc6ac103ed592c98e9b6cc7a123f714"},
    {file = "grpcio_tools-1.40.0-cp37-cp37m-linux_armv7l.whl", hash = "sha256:d540128b3f4cc3a6ec16f0d48019dfa325e979e6a9d96c83979d7dd0adbf50c2"},
    {file = "grpcio_tools-1.40.0-cp37-cp37m-macosx_10_10_x86_64.whl", hash = "sha256:fe262f5cc30eff3bd5a0ca93883a7fe9b1ade5c29282b86714140d6d084ab500"},
    {file = "grpcio_tools-1.40.0-cp37-cp37m-manylinux2010_i686.whl", hash = "sha256:9eb0926a21eff5a0e4444a35309a8d2fc18bb53242253f66e5a465a6adecaf48"},
    {file = "grpcio_tools-1.40.0-cp37-cp37m-manylinux2010_x86_64.whl", hash = "sha256:986dc7a49e6dc2ad2f54cb6637d18c27d2feb96e32a904cc7e861750bda1b46d"},
    {file = "grpcio_tools-1.40.0-cp37-cp37m-manylinux2014_i686.whl", hash = "sha256:168c4444f44e386d8b387825cee09278f9311ca125c32207d54c498934ce9bf0"},
    {file = "grpcio_tools-1.40.0-cp37-cp37m-manylinux2014_x86_64.whl", hash = "sha256:bd212d363909b36e32227e0bf734e49909d4e8ba8ddff934b54649e5ba6ef938"},
    {file = "grpcio_tools-1.40.0-cp37-cp37m-manylinux_2_24_aarch64.whl", hash = "sha256:01a3652601ff39027083c004fc8662beebc40ce92e6d77ed96403d3980190508"},
    {file = "grpcio_tools-1.40.0-cp37-cp37m-win32.whl", hash = "sha256:1f3f5d931815059f179c529df3dfd61040e39894f21bcc4c412f35cbefceff15"},
    {file = "grpcio_tools-1.40.0-cp37-cp37m-win_amd64.whl", hash = "sha256:05e10caf77717c59bb70282a8c7013db6ae9c1fbc3fbdf14f7d84dfd5ff18f24"},
    {file = "grpcio_tools-1.40.0-cp38-cp38-linux_armv7l.whl", hash = "sha256:47348f4f61a3a73e5304d096d22412d0ba00738307a5be0793930225c4034c18"},
    {file = "grpcio_tools-1.40.0-cp38-cp38-macosx_10_10_x86_64.whl", hash = "sha256:6b4235450b51f73db83237fdf54cca1235257eb8a84da0784513352f884bbb59"},
    {file = "grpcio_tools-1.40.0-cp38-cp38-manylinux2010_i686.whl", hash = "sha256:791084528308a9ad403801527eb79074bb45cf71321204bdb12bcd58fcd810f8"},
    {file = "grpcio_tools-1.40.0-cp38-cp38-manylinux2010_x86_64.whl", hash = "sha256:4235c3ed899c44a8b528b07a8d98261b369d2072445cea0759310dcb9be5c329"},
    {file = "grpcio_tools-1.40.0-cp38-cp38-manylinux2014_i686.whl", hash = "sha256:47c9e396636a64198d4fcdc9bc8d8ed8835bcc5cca28786f5f24de9feddbd937"},
    {file = "grpcio_tools-1.40.0-cp38-cp38-manylinux2014_x86_64.whl", hash = "sha256:1d1065d74bbfd955cdacdfc88f4e728d651ccf546c8f2703ab4de4fb864bf073"},
    {file = "grpcio_tools-1.40.0-cp38-cp38-manylinux_2_24_aarch64.whl", hash = "sha256:27c10291fc41465e7931a214b6fbede38a497af766bab71fcbb9851f67a2c49f"},
    {file = "grpcio_tools-1.40.0-cp38-cp38-win32.whl", hash = "sha256:aa681d1986c112d716586bcd51a6bb1ac459fa8a74975e9c8070123c39731221"},
    {file = "grpcio_tools-1.40.0-cp38-cp38-win_amd64.whl", hash = "sha256:ce75b5c56439f6d438f67a0c9dfeec9b4295628447a98e7fe921e26bb321a50e"},
    {file = "grpcio_tools-1.40.0-cp39-cp39-linux_armv7l.whl", hash = "sha256:93372ee8fc6e74af1db7128042ca21d8ceaa32b5de9cff73bed8dfaebdaac7ed"},
    {file = "grpcio_tools-1.40.0-cp39-cp39-macosx_10_10_x86_64.whl", hash = "sha256:f3a4bcc8bd57dbb53ec97634c5db9e459076dba8baf2c5d3a7e9e59397f0ee83"},
    {file = "grpcio_tools-1.40.0-cp39-cp39-manylinux2010_i686.whl", hash = "sha256:687ec1aa210ac6bdbf7880b34f5f61bc85c3b25db2fc323a946ff570a6a984ea"},
    {file = "grpcio_tools-1.40.0-cp39-cp39-manylinux2010_x86_64.whl", hash = "sha256:7f6ab2a9ccf50cf20e7be48531bf675b41b153cc1dcfe530c3fcbd430c44bbc9"},
    {file = "grpcio_tools-1.40.0-cp39-cp39-manylinux2014_i686.whl", hash = "sha256:a36c8ebeb348ee95376f2cf10d7530ae34593ab1132f7215e867a9e82ed8117f"},
    {file = "grpcio_tools-1.40.0-cp39-cp39-manylinux2014_x86_64.whl", hash = "sha256:f5eea943c0524a59113dd2747a13de17a7550e838f59e3fb09c1b4fa131efe27"},
    {file = "grpcio_tools-1.40.0-cp39-cp39-manylinux_2_24_aarch64.whl", hash = "sha256:76063203802e9858ec35cb454b96673a1336a8ae9e7313cc8de1a66ce3c357cf"},
    {file = "grpcio_tools-1.40.0-cp39-cp39-win32.whl", hash = "sha256:0d707e34dd86b4368391df6bbf9f7cb3649517f10655bc9ef4bc638a9c88caa5"},
    {file = "grpcio_tools-1.40.0-cp39-cp39-win_amd64.whl", hash = "sha256:fe6a3ee6667c44432859ee151da766f32fc01f91228ea5a529ae121ba44fef6f"},
]
lnd-grpc-client = [
    {file = "lnd_grpc_client-0.3.21-py3-none-any.whl", hash = "sha256:7d0488e1c8275e1ba7701be6d830a653b0894019a01e2183d5e2eb38fdbc3fa8"},
]
numpy = [
    {file = "numpy-1.20.3-cp37-cp37m-macosx_10_9_x86_64.whl", hash = "sha256:70eb5808127284c4e5c9e836208e09d685a7978b6a216db85960b1a112eeace8"},
    {file = "numpy-1.20.3-cp37-cp37m-manylinux_2_12_i686.manylinux2010_i686.whl", hash = "sha256:6ca2b85a5997dabc38301a22ee43c82adcb53ff660b89ee88dded6b33687e1d8"},
    {file = "numpy-1.20.3-cp37-cp37m-manylinux_2_12_x86_64.manylinux2010_x86_64.whl", hash = "sha256:c5bf0e132acf7557fc9bb8ded8b53bbbbea8892f3c9a1738205878ca9434206a"},
    {file = "numpy-1.20.3-cp37-cp37m-manylinux_2_17_aarch64.manylinux2014_aarch64.whl", hash = "sha256:db250fd3e90117e0312b611574cd1b3f78bec046783195075cbd7ba9c3d73f16"},
    {file = "numpy-1.20.3-cp37-cp37m-manylinux_2_5_i686.manylinux1_i686.whl", hash = "sha256:637d827248f447e63585ca3f4a7d2dfaa882e094df6cfa177cc9cf9cd6cdf6d2"},
    {file = "numpy-1.20.3-cp37-cp37m-manylinux_2_5_x86_64.manylinux1_x86_64.whl", hash = "sha256:8b7bb4b9280da3b2856cb1fc425932f46fba609819ee1c62256f61799e6a51d2"},
    {file = "numpy-1.20.3-cp37-cp37m-win32.whl", hash = "sha256:67d44acb72c31a97a3d5d33d103ab06d8ac20770e1c5ad81bdb3f0c086a56cf6"},
    {file = "numpy-1.20.3-cp37-cp37m-win_amd64.whl", hash = "sha256:43909c8bb289c382170e0282158a38cf306a8ad2ff6dfadc447e90f9961bef43"},
    {file = "numpy-1.20.3-cp38-cp38-macosx_10_9_x86_64.whl", hash = "sha256:f1452578d0516283c87608a5a5548b0cdde15b99650efdfd85182102ef7a7c17"},
    {file = "numpy-1.20.3-cp38-cp38-manylinux_2_12_i686.manylinux2010_i686.whl", hash = "sha256:6e51534e78d14b4a009a062641f465cfaba4fdcb046c3ac0b1f61dd97c861b1b"},
    {file = "numpy-1.20.3-cp38-cp38-manylinux_2_12_x86_64.manylinux2010_x86_64.whl", hash = "sha256:e515c9a93aebe27166ec9593411c58494fa98e5fcc219e47260d9ab8a1cc7f9f"},
    {file = "numpy-1.20.3-cp38-cp38-manylinux_2_17_aarch64.manylinux2014_aarch64.whl", hash = "sha256:c1c09247ccea742525bdb5f4b5ceeacb34f95731647fe55774aa36557dbb5fa4"},
    {file = "numpy-1.20.3-cp38-cp38-manylinux_2_5_i686.manylinux1_i686.whl", hash = "sha256:66fbc6fed94a13b9801fb70b96ff30605ab0a123e775a5e7a26938b717c5d71a"},
    {file = "numpy-1.20.3-cp38-cp38-manylinux_2_5_x86_64.manylinux1_x86_64.whl", hash = "sha256:ea9cff01e75a956dbee133fa8e5b68f2f92175233de2f88de3a682dd94deda65"},
    {file = "numpy-1.20.3-cp38-cp38-win32.whl", hash = "sha256:f39a995e47cb8649673cfa0579fbdd1cdd33ea497d1728a6cb194d6252268e48"},
    {file = "numpy-1.20.3-cp38-cp38-win_amd64.whl", hash = "sha256:1676b0a292dd3c99e49305a16d7a9f42a4ab60ec522eac0d3dd20cdf362ac010"},
    {file = "numpy-1.20.3-cp39-cp39-macosx_10_9_x86_64.whl", hash = "sha256:830b044f4e64a76ba71448fce6e604c0fc47a0e54d8f6467be23749ac2cbd2fb"},
    {file = "numpy-1.20.3-cp39-cp39-manylinux_2_12_i686.manylinux2010_i686.whl", hash = "sha256:55b745fca0a5ab738647d0e4db099bd0a23279c32b31a783ad2ccea729e632df"},
    {file = "numpy-1.20.3-cp39-cp39-manylinux_2_12_x86_64.manylinux2010_x86_64.whl", hash = "sha256:5d050e1e4bc9ddb8656d7b4f414557720ddcca23a5b88dd7cff65e847864c400"},
    {file = "numpy-1.20.3-cp39-cp39-manylinux_2_17_aarch64.manylinux2014_aarch64.whl", hash = "sha256:a9c65473ebc342715cb2d7926ff1e202c26376c0dcaaee85a1fd4b8d8c1d3b2f"},
    {file = "numpy-1.20.3-cp39-cp39-win32.whl", hash = "sha256:16f221035e8bd19b9dc9a57159e38d2dd060b48e93e1d843c49cb370b0f415fd"},
    {file = "numpy-1.20.3-cp39-cp39-win_amd64.whl", hash = "sha256:6690080810f77485667bfbff4f69d717c3be25e5b11bb2073e76bb3f578d99b4"},
    {file = "numpy-1.20.3-pp37-pypy37_pp73-manylinux_2_12_x86_64.manylinux2010_x86_64.whl", hash = "sha256:4e465afc3b96dbc80cf4a5273e5e2b1e3451286361b4af70ce1adb2984d392f9"},
    {file = "numpy-1.20.3.zip", hash = "sha256:e55185e51b18d788e49fe8305fd73ef4470596b33fc2c1ceb304566b99c71a69"},
]
pandas = [
    {file = "pandas-1.2.4-cp37-cp37m-macosx_10_9_x86_64.whl", hash = "sha256:c601c6fdebc729df4438ec1f62275d6136a0dd14d332fc0e8ce3f7d2aadb4dd6"},
    {file = "pandas-1.2.4-cp37-cp37m-manylinux1_i686.whl", hash = "sha256:8d4c74177c26aadcfb4fd1de6c1c43c2bf822b3e0fc7a9b409eeaf84b3e92aaa"},
    {file = "pandas-1.2.4-cp37-cp37m-manylinux1_x86_64.whl", hash = "sha256:b730add5267f873b3383c18cac4df2527ac4f0f0eed1c6cf37fcb437e25cf558"},
    {file = "pandas-1.2.4-cp37-cp37m-win32.whl", hash = "sha256:2cb7e8f4f152f27dc93f30b5c7a98f6c748601ea65da359af734dd0cf3fa733f"},
    {file = "pandas-1.2.4-cp37-cp37m-win_amd64.whl", hash = "sha256:2111c25e69fa9365ba80bbf4f959400054b2771ac5d041ed19415a8b488dc70a"},
    {file = "pandas-1.2.4-cp38-cp38-macosx_10_9_x86_64.whl", hash = "sha256:167693a80abc8eb28051fbd184c1b7afd13ce2c727a5af47b048f1ea3afefff4"},
    {file = "pandas-1.2.4-cp38-cp38-manylinux1_i686.whl", hash = "sha256:612add929bf3ba9d27b436cc8853f5acc337242d6b584203f207e364bb46cb12"},
    {file = "pandas-1.2.4-cp38-cp38-manylinux1_x86_64.whl", hash = "sha256:971e2a414fce20cc5331fe791153513d076814d30a60cd7348466943e6e909e4"},
    {file = "pandas-1.2.4-cp38-cp38-win32.whl", hash = "sha256:68d7baa80c74aaacbed597265ca2308f017859123231542ff8a5266d489e1858"},
    {file = "pandas-1.2.4-cp38-cp38-win_amd64.whl", hash = "sha256:bd659c11a4578af740782288cac141a322057a2e36920016e0fc7b25c5a4b686"},
    {file = "pandas-1.2.4-cp39-cp39-macosx_10_9_x86_64.whl", hash = "sha256:9db70ffa8b280bb4de83f9739d514cd0735825e79eef3a61d312420b9f16b758"},
    {file = "pandas-1.2.4-cp39-cp39-manylinux1_i686.whl", hash = "sha256:298f0553fd3ba8e002c4070a723a59cdb28eda579f3e243bc2ee397773f5398b"},
    {file = "pandas-1.2.4-cp39-cp39-manylinux1_x86_64.whl", hash = "sha256:52d2472acbb8a56819a87aafdb8b5b6d2b3386e15c95bde56b281882529a7ded"},
    {file = "pandas-1.2.4-cp39-cp39-win32.whl", hash = "sha256:d0877407359811f7b853b548a614aacd7dea83b0c0c84620a9a643f180060950"},
    {file = "pandas-1.2.4-cp39-cp39-win_amd64.whl", hash = "sha256:2b063d41803b6a19703b845609c0b700913593de067b552a8b24dd8eeb8c9895"},
    {file = "pandas-1.2.4.tar.gz", hash = "sha256:649ecab692fade3cbfcf967ff936496b0cfba0af00a55dfaacd82bdda5cb2279"},
]
pdir2 = [
    {file = "pdir2-0.3.2-py2.py3-none-any.whl", hash = "sha256:9d3300e1704df359102c3ce8f92bd615155e348258809954ac868932ee03cff3"},
    {file = "pdir2-0.3.2.tar.gz", hash = "sha256:26d7459a5d994cedbfb3f2c2460c8e1fe3741c6db9b69791409b13563b91d5e3"},
]
protobuf = [
    {file = "protobuf-3.17.3-cp27-cp27m-macosx_10_9_x86_64.whl", hash = "sha256:ab6bb0e270c6c58e7ff4345b3a803cc59dbee19ddf77a4719c5b635f1d547aa8"},
    {file = "protobuf-3.17.3-cp27-cp27mu-manylinux_2_5_x86_64.manylinux1_x86_64.whl", hash = "sha256:13ee7be3c2d9a5d2b42a1030976f760f28755fcf5863c55b1460fd205e6cd637"},
    {file = "protobuf-3.17.3-cp35-cp35m-macosx_10_9_intel.whl", hash = "sha256:1556a1049ccec58c7855a78d27e5c6e70e95103b32de9142bae0576e9200a1b0"},
    {file = "protobuf-3.17.3-cp35-cp35m-manylinux_2_5_x86_64.manylinux1_x86_64.whl", hash = "sha256:f0e59430ee953184a703a324b8ec52f571c6c4259d496a19d1cabcdc19dabc62"},
    {file = "protobuf-3.17.3-cp35-cp35m-win32.whl", hash = "sha256:a981222367fb4210a10a929ad5983ae93bd5a050a0824fc35d6371c07b78caf6"},
    {file = "protobuf-3.17.3-cp35-cp35m-win_amd64.whl", hash = "sha256:6d847c59963c03fd7a0cd7c488cadfa10cda4fff34d8bc8cba92935a91b7a037"},
    {file = "protobuf-3.17.3-cp36-cp36m-macosx_10_9_x86_64.whl", hash = "sha256:145ce0af55c4259ca74993ddab3479c78af064002ec8227beb3d944405123c71"},
    {file = "protobuf-3.17.3-cp36-cp36m-manylinux_2_5_x86_64.manylinux1_x86_64.whl", hash = "sha256:6ce4d8bf0321e7b2d4395e253f8002a1a5ffbcfd7bcc0a6ba46712c07d47d0b4"},
    {file = "protobuf-3.17.3-cp36-cp36m-win32.whl", hash = "sha256:7a4c97961e9e5b03a56f9a6c82742ed55375c4a25f2692b625d4087d02ed31b9"},
    {file = "protobuf-3.17.3-cp36-cp36m-win_amd64.whl", hash = "sha256:a22b3a0dbac6544dacbafd4c5f6a29e389a50e3b193e2c70dae6bbf7930f651d"},
    {file = "protobuf-3.17.3-cp37-cp37m-macosx_10_9_x86_64.whl", hash = "sha256:ffea251f5cd3c0b9b43c7a7a912777e0bc86263436a87c2555242a348817221b"},
    {file = "protobuf-3.17.3-cp37-cp37m-manylinux2014_aarch64.whl", hash = "sha256:9b7a5c1022e0fa0dbde7fd03682d07d14624ad870ae52054849d8960f04bc764"},
    {file = "protobuf-3.17.3-cp37-cp37m-manylinux_2_5_x86_64.manylinux1_x86_64.whl", hash = "sha256:8727ee027157516e2c311f218ebf2260a18088ffb2d29473e82add217d196b1c"},
    {file = "protobuf-3.17.3-cp37-cp37m-win32.whl", hash = "sha256:14c1c9377a7ffbeaccd4722ab0aa900091f52b516ad89c4b0c3bb0a4af903ba5"},
    {file = "protobuf-3.17.3-cp37-cp37m-win_amd64.whl", hash = "sha256:c56c050a947186ba51de4f94ab441d7f04fcd44c56df6e922369cc2e1a92d683"},
    {file = "protobuf-3.17.3-cp38-cp38-macosx_10_9_x86_64.whl", hash = "sha256:2ae692bb6d1992afb6b74348e7bb648a75bb0d3565a3f5eea5bec8f62bd06d87"},
    {file = "protobuf-3.17.3-cp38-cp38-manylinux2014_aarch64.whl", hash = "sha256:99938f2a2d7ca6563c0ade0c5ca8982264c484fdecf418bd68e880a7ab5730b1"},
    {file = "protobuf-3.17.3-cp38-cp38-manylinux_2_5_x86_64.manylinux1_x86_64.whl", hash = "sha256:6902a1e4b7a319ec611a7345ff81b6b004b36b0d2196ce7a748b3493da3d226d"},
    {file = "protobuf-3.17.3-cp38-cp38-win32.whl", hash = "sha256:59e5cf6b737c3a376932fbfb869043415f7c16a0cf176ab30a5bbc419cd709c1"},
    {file = "protobuf-3.17.3-cp38-cp38-win_amd64.whl", hash = "sha256:ebcb546f10069b56dc2e3da35e003a02076aaa377caf8530fe9789570984a8d2"},
    {file = "protobuf-3.17.3-cp39-cp39-macosx_10_9_x86_64.whl", hash = "sha256:4ffbd23640bb7403574f7aff8368e2aeb2ec9a5c6306580be48ac59a6bac8bde"},
    {file = "protobuf-3.17.3-cp39-cp39-manylinux2014_aarch64.whl", hash = "sha256:26010f693b675ff5a1d0e1bdb17689b8b716a18709113288fead438703d45539"},
    {file = "protobuf-3.17.3-cp39-cp39-manylinux_2_5_x86_64.manylinux1_x86_64.whl", hash = "sha256:e76d9686e088fece2450dbc7ee905f9be904e427341d289acbe9ad00b78ebd47"},
    {file = "protobuf-3.17.3-cp39-cp39-win32.whl", hash = "sha256:a38bac25f51c93e4be4092c88b2568b9f407c27217d3dd23c7a57fa522a17554"},
    {file = "protobuf-3.17.3-cp39-cp39-win_amd64.whl", hash = "sha256:85d6303e4adade2827e43c2b54114d9a6ea547b671cb63fafd5011dc47d0e13d"},
    {file = "protobuf-3.17.3-py2.py3-none-any.whl", hash = "sha256:2bfb815216a9cd9faec52b16fd2bfa68437a44b67c56bee59bc3926522ecb04e"},
    {file = "protobuf-3.17.3.tar.gz", hash = "sha256:72804ea5eaa9c22a090d2803813e280fb273b62d5ae497aaf3553d141c4fdd7b"},
]
protobuf3-to-dict = [
    {file = "protobuf3-to-dict-0.1.5.tar.gz", hash = "sha256:1e42c25b5afb5868e3a9b1962811077e492c17557f9c66f0fe40d821375d2b5a"},
]
python-dateutil = [
    {file = "python-dateutil-2.8.1.tar.gz", hash = "sha256:73ebfe9dbf22e832286dafa60473e4cd239f8592f699aa5adaf10050e6e1823c"},
    {file = "python_dateutil-2.8.1-py2.py3-none-any.whl", hash = "sha256:75bb3f31ea686f1197762692a9ee6a7550b59fc6ca3a1f4b5d7e32fb98e2da2a"},
]
pytz = [
    {file = "pytz-2021.1-py2.py3-none-any.whl", hash = "sha256:eb10ce3e7736052ed3623d49975ce333bcd712c7bb19a58b9e2089d4057d0798"},
    {file = "pytz-2021.1.tar.gz", hash = "sha256:83a4a90894bf38e243cf052c8b58f381bfe9a7a483f6a9cab140bc7f702ac4da"},
]
six = [
    {file = "six-1.16.0-py2.py3-none-any.whl", hash = "sha256:8abb2f1d86890a2dfb989f9a77cfcfd3e47c2a354b01111771326f8aa26e0254"},
    {file = "six-1.16.0.tar.gz", hash = "sha256:1e61c37477a1626458e36f7b1d82aa5c9b094fa4802892072e49de9c60c4c926"},
]
